
Microsoft Visual Studio Solution File, Format Version 12.00
# Visual Studio Version 17
VisualStudioVersion = 17.13.35931.197
MinimumVisualStudioVersion = 10.0.40219.1
Project("{FAE04EC0-301F-11D3-BF4B-00C04F79EFBC}") = "ClassLibrary.HxH_Services", "ClassLibrary.HxH_Services\ClassLibrary.HxH_Services.csproj", "{C0C38293-D6D6-4CF4-B4DA-A62151688E33}"
EndProject
Project("{2150E333-8FDC-42A3-9474-1A3956D46DE8}") = "Solution Items", "Solution Items", "{8EC462FD-D22E-90A8-E5CE-7E832BA40C5D}"
	ProjectSection(SolutionItems) = preProject
		OracleDB.sql = OracleDB.sql
		README.md = README.md
	EndProjectSection
EndProject
Project("{FAE04EC0-301F-11D3-BF4B-00C04F79EFBC}") = "TestProject.Tests", "TestProject.Tests\TestProject.Tests.csproj", "{F0F94D2E-40DB-4667-BB34-EA72DC79C1EC}"
EndProject
Project("{FAE04EC0-301F-11D3-BF4B-00C04F79EFBC}") = "ConsoleAppTesting", "ConsoleAppTesting\ConsoleAppTesting.csproj", "{2111B1C9-FF77-40EE-80AF-DD3A9FA3FB2F}"
EndProject
Global
	GlobalSection(SolutionConfigurationPlatforms) = preSolution
		Debug|Any CPU = Debug|Any CPU
		Release|Any CPU = Release|Any CPU
	EndGlobalSection
	GlobalSection(ProjectConfigurationPlatforms) = postSolution
		{C0C38293-D6D6-4CF4-B4DA-A62151688E33}.Debug|Any CPU.ActiveCfg = Debug|Any CPU
		{C0C38293-D6D6-4CF4-B4DA-A62151688E33}.Debug|Any CPU.Build.0 = Debug|Any CPU
		{C0C38293-D6D6-4CF4-B4DA-A62151688E33}.Release|Any CPU.ActiveCfg = Release|Any CPU
		{C0C38293-D6D6-4CF4-B4DA-A62151688E33}.Release|Any CPU.Build.0 = Release|Any CPU
		{F0F94D2E-40DB-4667-BB34-EA72DC79C1EC}.Debug|Any CPU.ActiveCfg = Debug|Any CPU
		{F0F94D2E-40DB-4667-BB34-EA72DC79C1EC}.Debug|Any CPU.Build.0 = Debug|Any CPU
		{F0F94D2E-40DB-4667-BB34-EA72DC79C1EC}.Release|Any CPU.ActiveCfg = Release|Any CPU
		{F0F94D2E-40DB-4667-BB34-EA72DC79C1EC}.Release|Any CPU.Build.0 = Release|Any CPU
		{2111B1C9-FF77-40EE-80AF-DD3A9FA3FB2F}.Debug|Any CPU.ActiveCfg = Debug|Any CPU
		{2111B1C9-FF77-40EE-80AF-DD3A9FA3FB2F}.Debug|Any CPU.Build.0 = Debug|Any CPU
		{2111B1C9-FF77-40EE-80AF-DD3A9FA3FB2F}.Release|Any CPU.ActiveCfg = Release|Any CPU
		{2111B1C9-FF77-40EE-80AF-DD3A9FA3FB2F}.Release|Any CPU.Build.0 = Release|Any CPU
	EndGlobalSection
	GlobalSection(SolutionProperties) = preSolution
		HideSolutionNode = FALSE
	EndGlobalSection
	GlobalSection(ExtensibilityGlobals) = postSolution
		SolutionGuid = {A93A2D63-E520-4974-A8B9-9B42A87D9173}
	EndGlobalSection
EndGlobal
